
Microsoft Visual Studio Solution File, Format Version 12.00
# Visual Studio Version 17
VisualStudioVersion = 17.13.35806.99
MinimumVisualStudioVersion = 10.0.40219.1
Project("{FAE04EC0-301F-11D3-BF4B-00C04F79EFBC}") = "CodingTest_2025", "CodingTest_2025.csproj", "{9BCC8B3F-DF65-49DD-AF76-DBA021421622}"
EndProject
Project("{FAE04EC0-301F-11D3-BF4B-00C04F79EFBC}") = "Problem1", "..\Problem1\Problem1.csproj", "{7F92F927-AFC0-48B5-9242-82151C990344}"
EndProject
Project("{FAE04EC0-301F-11D3-BF4B-00C04F79EFBC}") = "Problem2", "..\Problem2\Problem2.csproj", "{4B8C8D24-A014-418E-8523-6AF701B421A8}"
EndProject
Project("{FAE04EC0-301F-11D3-BF4B-00C04F79EFBC}") = "Problem3", "..\Problem3\Problem3.csproj", "{1457FF92-3D98-45F3-9B30-E0995138C3CD}"
EndProject
Project("{FAE04EC0-301F-11D3-BF4B-00C04F79EFBC}") = "Problem4", "..\Problem4\Problem4.csproj", "{6258B083-6B76-4ED2-9B9D-AA372CA84B9B}"
EndProject
Project("{FAE04EC0-301F-11D3-BF4B-00C04F79EFBC}") = "Problem5", "..\Problem5\Problem5.csproj", "{D8555ECB-845E-4ECE-B0DF-F6F5ACFD56BF}"
EndProject
Project("{FAE04EC0-301F-11D3-BF4B-00C04F79EFBC}") = "Problem6", "..\Problem6\Problem6.csproj", "{991ABC39-ACE5-4460-B504-1F21466051AA}"
EndProject
Project("{FAE04EC0-301F-11D3-BF4B-00C04F79EFBC}") = "Problem7", "..\Problem7\Problem7.csproj", "{85F8F6B7-3EFC-4B7A-85CE-ABC5BFBEA735}"
EndProject
Project("{FAE04EC0-301F-11D3-BF4B-00C04F79EFBC}") = "Problem8", "..\Problem8\Problem8.csproj", "{2328E533-6DD2-4EE5-83D8-AAC4A5342602}"
EndProject
Project("{FAE04EC0-301F-11D3-BF4B-00C04F79EFBC}") = "Problem9", "..\Problem9\Problem9.csproj", "{EFA797D7-8110-4DB8-A3C7-B302AC1D3D43}"
EndProject
Project("{FAE04EC0-301F-11D3-BF4B-00C04F79EFBC}") = "Problem10", "..\Problem10\Problem10.csproj", "{A0105EC7-3FA5-443A-9CDF-9048EF0C5B5B}"
EndProject
Project("{FAE04EC0-301F-11D3-BF4B-00C04F79EFBC}") = "Problem11", "..\Problem11\Problem11.csproj", "{343D5581-C3F4-4744-965B-6DAFC9A7D0F8}"
EndProject
Project("{FAE04EC0-301F-11D3-BF4B-00C04F79EFBC}") = "Problem12", "..\Problem12\Problem12.csproj", "{390DD5C3-B88B-435A-AEE0-8CA5DB58F57A}"
EndProject
Global
	GlobalSection(SolutionConfigurationPlatforms) = preSolution
		Debug|Any CPU = Debug|Any CPU
		Release|Any CPU = Release|Any CPU
	EndGlobalSection
	GlobalSection(ProjectConfigurationPlatforms) = postSolution
		{9BCC8B3F-DF65-49DD-AF76-DBA021421622}.Debug|Any CPU.ActiveCfg = Debug|Any CPU
		{9BCC8B3F-DF65-49DD-AF76-DBA021421622}.Debug|Any CPU.Build.0 = Debug|Any CPU
		{9BCC8B3F-DF65-49DD-AF76-DBA021421622}.Release|Any CPU.ActiveCfg = Release|Any CPU
		{9BCC8B3F-DF65-49DD-AF76-DBA021421622}.Release|Any CPU.Build.0 = Release|Any CPU
		{7F92F927-AFC0-48B5-9242-82151C990344}.Debug|Any CPU.ActiveCfg = Debug|Any CPU
		{7F92F927-AFC0-48B5-9242-82151C990344}.Debug|Any CPU.Build.0 = Debug|Any CPU
		{7F92F927-AFC0-48B5-9242-82151C990344}.Release|Any CPU.ActiveCfg = Release|Any CPU
		{7F92F927-AFC0-48B5-9242-82151C990344}.Release|Any CPU.Build.0 = Release|Any CPU
		{4B8C8D24-A014-418E-8523-6AF701B421A8}.Debug|Any CPU.ActiveCfg = Debug|Any CPU
		{4B8C8D24-A014-418E-8523-6AF701B421A8}.Debug|Any CPU.Build.0 = Debug|Any CPU
		{4B8C8D24-A014-418E-8523-6AF701B421A8}.Release|Any CPU.ActiveCfg = Release|Any CPU
		{4B8C8D24-A014-418E-8523-6AF701B421A8}.Release|Any CPU.Build.0 = Release|Any CPU
		{1457FF92-3D98-45F3-9B30-E0995138C3CD}.Debug|Any CPU.ActiveCfg = Debug|Any CPU
		{1457FF92-3D98-45F3-9B30-E0995138C3CD}.Debug|Any CPU.Build.0 = Debug|Any CPU
		{1457FF92-3D98-45F3-9B30-E0995138C3CD}.Release|Any CPU.ActiveCfg = Release|Any CPU
		{1457FF92-3D98-45F3-9B30-E0995138C3CD}.Release|Any CPU.Build.0 = Release|Any CPU
		{6258B083-6B76-4ED2-9B9D-AA372CA84B9B}.Debug|Any CPU.ActiveCfg = Debug|Any CPU
		{6258B083-6B76-4ED2-9B9D-AA372CA84B9B}.Debug|Any CPU.Build.0 = Debug|Any CPU
		{6258B083-6B76-4ED2-9B9D-AA372CA84B9B}.Release|Any CPU.ActiveCfg = Release|Any CPU
		{6258B083-6B76-4ED2-9B9D-AA372CA84B9B}.Release|Any CPU.Build.0 = Release|Any CPU
		{D8555ECB-845E-4ECE-B0DF-F6F5ACFD56BF}.Debug|Any CPU.ActiveCfg = Debug|Any CPU
		{D8555ECB-845E-4ECE-B0DF-F6F5ACFD56BF}.Debug|Any CPU.Build.0 = Debug|Any CPU
		{D8555ECB-845E-4ECE-B0DF-F6F5ACFD56BF}.Release|Any CPU.ActiveCfg = Release|Any CPU
		{D8555ECB-845E-4ECE-B0DF-F6F5ACFD56BF}.Release|Any CPU.Build.0 = Release|Any CPU
		{991ABC39-ACE5-4460-B504-1F21466051AA}.Debug|Any CPU.ActiveCfg = Debug|Any CPU
		{991ABC39-ACE5-4460-B504-1F21466051AA}.Debug|Any CPU.Build.0 = Debug|Any CPU
		{991ABC39-ACE5-4460-B504-1F21466051AA}.Release|Any CPU.ActiveCfg = Release|Any CPU
		{991ABC39-ACE5-4460-B504-1F21466051AA}.Release|Any CPU.Build.0 = Release|Any CPU
		{85F8F6B7-3EFC-4B7A-85CE-ABC5BFBEA735}.Debug|Any CPU.ActiveCfg = Debug|Any CPU
		{85F8F6B7-3EFC-4B7A-85CE-ABC5BFBEA735}.Debug|Any CPU.Build.0 = Debug|Any CPU
		{85F8F6B7-3EFC-4B7A-85CE-ABC5BFBEA735}.Release|Any CPU.ActiveCfg = Release|Any CPU
		{85F8F6B7-3EFC-4B7A-85CE-ABC5BFBEA735}.Release|Any CPU.Build.0 = Release|Any CPU
		{2328E533-6DD2-4EE5-83D8-AAC4A5342602}.Debug|Any CPU.ActiveCfg = Debug|Any CPU
		{2328E533-6DD2-4EE5-83D8-AAC4A5342602}.Debug|Any CPU.Build.0 = Debug|Any CPU
		{2328E533-6DD2-4EE5-83D8-AAC4A5342602}.Release|Any CPU.ActiveCfg = Release|Any CPU
		{2328E533-6DD2-4EE5-83D8-AAC4A5342602}.Release|Any CPU.Build.0 = Release|Any CPU
		{EFA797D7-8110-4DB8-A3C7-B302AC1D3D43}.Debug|Any CPU.ActiveCfg = Debug|Any CPU
		{EFA797D7-8110-4DB8-A3C7-B302AC1D3D43}.Debug|Any CPU.Build.0 = Debug|Any CPU
		{EFA797D7-8110-4DB8-A3C7-B302AC1D3D43}.Release|Any CPU.ActiveCfg = Release|Any CPU
		{EFA797D7-8110-4DB8-A3C7-B302AC1D3D43}.Release|Any CPU.Build.0 = Release|Any CPU
		{A0105EC7-3FA5-443A-9CDF-9048EF0C5B5B}.Debug|Any CPU.ActiveCfg = Debug|Any CPU
		{A0105EC7-3FA5-443A-9CDF-9048EF0C5B5B}.Debug|Any CPU.Build.0 = Debug|Any CPU
		{A0105EC7-3FA5-443A-9CDF-9048EF0C5B5B}.Release|Any CPU.ActiveCfg = Release|Any CPU
		{A0105EC7-3FA5-443A-9CDF-9048EF0C5B5B}.Release|Any CPU.Build.0 = Release|Any CPU
		{343D5581-C3F4-4744-965B-6DAFC9A7D0F8}.Debug|Any CPU.ActiveCfg = Debug|Any CPU
		{343D5581-C3F4-4744-965B-6DAFC9A7D0F8}.Debug|Any CPU.Build.0 = Debug|Any CPU
		{343D5581-C3F4-4744-965B-6DAFC9A7D0F8}.Release|Any CPU.ActiveCfg = Release|Any CPU
		{343D5581-C3F4-4744-965B-6DAFC9A7D0F8}.Release|Any CPU.Build.0 = Release|Any CPU
		{390DD5C3-B88B-435A-AEE0-8CA5DB58F57A}.Debug|Any CPU.ActiveCfg = Debug|Any CPU
		{390DD5C3-B88B-435A-AEE0-8CA5DB58F57A}.Debug|Any CPU.Build.0 = Debug|Any CPU
		{390DD5C3-B88B-435A-AEE0-8CA5DB58F57A}.Release|Any CPU.ActiveCfg = Release|Any CPU
		{390DD5C3-B88B-435A-AEE0-8CA5DB58F57A}.Release|Any CPU.Build.0 = Release|Any CPU
	EndGlobalSection
	GlobalSection(SolutionProperties) = preSolution
		HideSolutionNode = FALSE
	EndGlobalSection
	GlobalSection(ExtensibilityGlobals) = postSolution
		SolutionGuid = {9D39CDC7-0A2C-40DA-A52C-61868DB6CA31}
	EndGlobalSection
EndGlobal
